// !$*UTF8*$!
{
	archiveVersion = 1;
	classes = {
	};
	objectVersion = 55;
	objects = {

/* Begin PBXBuildFile section */
		541A7D94280D3EA80048F3D1 /* DataSource.swift in Sources */ = {isa = PBXBuildFile; fileRef = 541A7D93280D3EA80048F3D1 /* DataSource.swift */; };
		541A7D9D280E8A0C0048F3D1 /* CoreBluetooth.framework in Frameworks */ = {isa = PBXBuildFile; fileRef = 541A7D9C280E8A0C0048F3D1 /* CoreBluetooth.framework */; };
		541A7DA2280F00680048F3D1 /* Constants.swift in Sources */ = {isa = PBXBuildFile; fileRef = 541A7DA1280F00680048F3D1 /* Constants.swift */; };
		542191762825F9C100A7895D /* MyQueue.swift in Sources */ = {isa = PBXBuildFile; fileRef = 542191752825F9C100A7895D /* MyQueue.swift */; };
		5433FBB82814014E00A7B541 /* DetailCellView.swift in Sources */ = {isa = PBXBuildFile; fileRef = 5433FBB72814014E00A7B541 /* DetailCellView.swift */; };
		5433FBBA2814BF3300A7B541 /* TestView.swift in Sources */ = {isa = PBXBuildFile; fileRef = 5433FBB92814BF3300A7B541 /* TestView.swift */; };
		5433FBBF2814FDA600A7B541 /* DataView.swift in Sources */ = {isa = PBXBuildFile; fileRef = 5433FBBE2814FDA600A7B541 /* DataView.swift */; };
		5433FBCC28152F4700A7B541 /* PeripheralRow.swift in Sources */ = {isa = PBXBuildFile; fileRef = 5433FBCB28152F4700A7B541 /* PeripheralRow.swift */; };
		5433FBCE28153AC900A7B541 /* RSSIAntena.swift in Sources */ = {isa = PBXBuildFile; fileRef = 5433FBCD28153AC900A7B541 /* RSSIAntena.swift */; };
		5433FBD228167AF000A7B541 /* RssiStrength.swift in Sources */ = {isa = PBXBuildFile; fileRef = 5433FBD128167AF000A7B541 /* RssiStrength.swift */; };
		5467E6FF281B1E1F001F888F /* PeripheralState.swift in Sources */ = {isa = PBXBuildFile; fileRef = 5467E6FE281B1E1F001F888F /* PeripheralState.swift */; };
		5467E703281B383C001F888F /* DigitalView.swift in Sources */ = {isa = PBXBuildFile; fileRef = 5467E702281B383C001F888F /* DigitalView.swift */; };
		546A8C1E2811ABE000DAEE2C /* BluetoothManager.swift in Sources */ = {isa = PBXBuildFile; fileRef = 546A8C1B2811ABE000DAEE2C /* BluetoothManager.swift */; };
		546A8C232811AC4100DAEE2C /* ScannerView.swift in Sources */ = {isa = PBXBuildFile; fileRef = 546A8C222811AC4100DAEE2C /* ScannerView.swift */; };
		54ABF58D280F46E8004A0219 /* NavigationView.swift in Sources */ = {isa = PBXBuildFile; fileRef = 54ABF58C280F46E8004A0219 /* NavigationView.swift */; };
		54CFB2B4282765A9009BB3B2 /* RecordingState.swift in Sources */ = {isa = PBXBuildFile; fileRef = 54CFB2B3282765A9009BB3B2 /* RecordingState.swift */; };
		54CFB2B628285B98009BB3B2 /* ActivityViewController.swift in Sources */ = {isa = PBXBuildFile; fileRef = 54CFB2B528285B98009BB3B2 /* ActivityViewController.swift */; };
		54CFB2B82829B203009BB3B2 /* MyButtonStyle.swift in Sources */ = {isa = PBXBuildFile; fileRef = 54CFB2B72829B203009BB3B2 /* MyButtonStyle.swift */; };
		54CFB2C0282A1254009BB3B2 /* LiveDataViewSupport.swift in Sources */ = {isa = PBXBuildFile; fileRef = 54CFB2BF282A1254009BB3B2 /* LiveDataViewSupport.swift */; };
		54CFB2C2282A14E8009BB3B2 /* SnapshotExtention.swift in Sources */ = {isa = PBXBuildFile; fileRef = 54CFB2C1282A14E8009BB3B2 /* SnapshotExtention.swift */; };
		54F13EE02821C81D00C26752 /* LiveDataView.swift in Sources */ = {isa = PBXBuildFile; fileRef = 54F13EDF2821C81D00C26752 /* LiveDataView.swift */; };
		54F13EE72822649A00C26752 /* LiveViewRow.swift in Sources */ = {isa = PBXBuildFile; fileRef = 54F13EE62822649A00C26752 /* LiveViewRow.swift */; };
		54F13EE92822C6A800C26752 /* PeripheralModes.swift in Sources */ = {isa = PBXBuildFile; fileRef = 54F13EE82822C6A800C26752 /* PeripheralModes.swift */; };
		54F3AE8628091E6B00602134 /* bluetoothMultiMeterApp.swift in Sources */ = {isa = PBXBuildFile; fileRef = 54F3AE8528091E6B00602134 /* bluetoothMultiMeterApp.swift */; };
		54F3AE8A28091E6D00602134 /* Assets.xcassets in Resources */ = {isa = PBXBuildFile; fileRef = 54F3AE8928091E6D00602134 /* Assets.xcassets */; };
		54F3AE8D28091E6D00602134 /* Preview Assets.xcassets in Resources */ = {isa = PBXBuildFile; fileRef = 54F3AE8C28091E6D00602134 /* Preview Assets.xcassets */; };
		54F3AEA428091F4B00602134 /* LineChartElement.swift in Sources */ = {isa = PBXBuildFile; fileRef = 54F3AEA328091F4B00602134 /* LineChartElement.swift */; };
		54F655302817C8A600554B11 /* Peripheral.swift in Sources */ = {isa = PBXBuildFile; fileRef = 54F6552F2817C8A600554B11 /* Peripheral.swift */; };
		54F655342817EBEE00554B11 /* ConnectedPeripheralView.swift in Sources */ = {isa = PBXBuildFile; fileRef = 54F655332817EBEE00554B11 /* ConnectedPeripheralView.swift */; };
		54F6554228193B6000554B11 /* Charts.framework in Frameworks */ = {isa = PBXBuildFile; fileRef = 54F6553F28193B4200554B11 /* Charts.framework */; platformFilter = ios; };
		54F6554328193B6000554B11 /* Charts.framework in Embed Frameworks */ = {isa = PBXBuildFile; fileRef = 54F6553F28193B4200554B11 /* Charts.framework */; settings = {ATTRIBUTES = (CodeSignOnCopy, RemoveHeadersOnCopy, ); }; };
/* End PBXBuildFile section */

/* Begin PBXContainerItemProxy section */
		54F6553E28193B4200554B11 /* PBXContainerItemProxy */ = {
			isa = PBXContainerItemProxy;
			containerPortal = 54F6553928193B4100554B11 /* Charts.xcodeproj */;
			proxyType = 2;
			remoteGlobalIDString = 65AD9E95D9ED4DC0BD73A743;
			remoteInfo = Charts;
		};
		54F6554028193B4200554B11 /* PBXContainerItemProxy */ = {
			isa = PBXContainerItemProxy;
			containerPortal = 54F6553928193B4100554B11 /* Charts.xcodeproj */;
			proxyType = 2;
			remoteGlobalIDString = 1CBBC58C6CE1EBEE9852CE41;
			remoteInfo = ChartsTests;
		};
/* End PBXContainerItemProxy section */

/* Begin PBXCopyFilesBuildPhase section */
		54F6554428193B6000554B11 /* Embed Frameworks */ = {
			isa = PBXCopyFilesBuildPhase;
			buildActionMask = 2147483647;
			dstPath = "";
			dstSubfolderSpec = 10;
			files = (
				54F6554328193B6000554B11 /* Charts.framework in Embed Frameworks */,
			);
			name = "Embed Frameworks";
			runOnlyForDeploymentPostprocessing = 0;
		};
/* End PBXCopyFilesBuildPhase section */

/* Begin PBXFileReference section */
		541A7D93280D3EA80048F3D1 /* DataSource.swift */ = {isa = PBXFileReference; lastKnownFileType = sourcecode.swift; path = DataSource.swift; sourceTree = "<group>"; };
		541A7D9C280E8A0C0048F3D1 /* CoreBluetooth.framework */ = {isa = PBXFileReference; lastKnownFileType = wrapper.framework; name = CoreBluetooth.framework; path = System/Library/Frameworks/CoreBluetooth.framework; sourceTree = SDKROOT; };
		541A7DA1280F00680048F3D1 /* Constants.swift */ = {isa = PBXFileReference; lastKnownFileType = sourcecode.swift; path = Constants.swift; sourceTree = "<group>"; };
		542191752825F9C100A7895D /* MyQueue.swift */ = {isa = PBXFileReference; lastKnownFileType = sourcecode.swift; path = MyQueue.swift; sourceTree = "<group>"; };
		5433FBB72814014E00A7B541 /* DetailCellView.swift */ = {isa = PBXFileReference; lastKnownFileType = sourcecode.swift; path = DetailCellView.swift; sourceTree = "<group>"; };
		5433FBB92814BF3300A7B541 /* TestView.swift */ = {isa = PBXFileReference; lastKnownFileType = sourcecode.swift; path = TestView.swift; sourceTree = "<group>"; };
		5433FBBE2814FDA600A7B541 /* DataView.swift */ = {isa = PBXFileReference; lastKnownFileType = sourcecode.swift; path = DataView.swift; sourceTree = "<group>"; };
		5433FBCB28152F4700A7B541 /* PeripheralRow.swift */ = {isa = PBXFileReference; lastKnownFileType = sourcecode.swift; path = PeripheralRow.swift; sourceTree = "<group>"; };
		5433FBCD28153AC900A7B541 /* RSSIAntena.swift */ = {isa = PBXFileReference; lastKnownFileType = sourcecode.swift; path = RSSIAntena.swift; sourceTree = "<group>"; };
		5433FBD128167AF000A7B541 /* RssiStrength.swift */ = {isa = PBXFileReference; lastKnownFileType = sourcecode.swift; path = RssiStrength.swift; sourceTree = "<group>"; };
		5467E6FE281B1E1F001F888F /* PeripheralState.swift */ = {isa = PBXFileReference; lastKnownFileType = sourcecode.swift; path = PeripheralState.swift; sourceTree = "<group>"; };
		5467E702281B383C001F888F /* DigitalView.swift */ = {isa = PBXFileReference; lastKnownFileType = sourcecode.swift; path = DigitalView.swift; sourceTree = "<group>"; };
		546A8C1B2811ABE000DAEE2C /* BluetoothManager.swift */ = {isa = PBXFileReference; fileEncoding = 4; lastKnownFileType = sourcecode.swift; name = BluetoothManager.swift; path = ../../../BluetoothLearn/BluetoothLearn/BluetoothManager.swift; sourceTree = "<group>"; };
		546A8C222811AC4100DAEE2C /* ScannerView.swift */ = {isa = PBXFileReference; fileEncoding = 4; lastKnownFileType = sourcecode.swift; path = ScannerView.swift; sourceTree = "<group>"; };
		54ABF58C280F46E8004A0219 /* NavigationView.swift */ = {isa = PBXFileReference; lastKnownFileType = sourcecode.swift; path = NavigationView.swift; sourceTree = "<group>"; };
		54CFB2B3282765A9009BB3B2 /* RecordingState.swift */ = {isa = PBXFileReference; lastKnownFileType = sourcecode.swift; path = RecordingState.swift; sourceTree = "<group>"; };
		54CFB2B528285B98009BB3B2 /* ActivityViewController.swift */ = {isa = PBXFileReference; lastKnownFileType = sourcecode.swift; path = ActivityViewController.swift; sourceTree = "<group>"; };
		54CFB2B72829B203009BB3B2 /* MyButtonStyle.swift */ = {isa = PBXFileReference; lastKnownFileType = sourcecode.swift; path = MyButtonStyle.swift; sourceTree = "<group>"; };
		54CFB2BF282A1254009BB3B2 /* LiveDataViewSupport.swift */ = {isa = PBXFileReference; lastKnownFileType = sourcecode.swift; path = LiveDataViewSupport.swift; sourceTree = "<group>"; };
		54CFB2C1282A14E8009BB3B2 /* SnapshotExtention.swift */ = {isa = PBXFileReference; lastKnownFileType = sourcecode.swift; path = SnapshotExtention.swift; sourceTree = "<group>"; };
		54F13EDF2821C81D00C26752 /* LiveDataView.swift */ = {isa = PBXFileReference; lastKnownFileType = sourcecode.swift; path = LiveDataView.swift; sourceTree = "<group>"; };
		54F13EE62822649A00C26752 /* LiveViewRow.swift */ = {isa = PBXFileReference; lastKnownFileType = sourcecode.swift; path = LiveViewRow.swift; sourceTree = "<group>"; };
		54F13EE82822C6A800C26752 /* PeripheralModes.swift */ = {isa = PBXFileReference; lastKnownFileType = sourcecode.swift; path = PeripheralModes.swift; sourceTree = "<group>"; };
		54F3AE8228091E6B00602134 /* bluetoothMultiMeter.app */ = {isa = PBXFileReference; explicitFileType = wrapper.application; includeInIndex = 0; path = bluetoothMultiMeter.app; sourceTree = BUILT_PRODUCTS_DIR; };
		54F3AE8528091E6B00602134 /* bluetoothMultiMeterApp.swift */ = {isa = PBXFileReference; lastKnownFileType = sourcecode.swift; path = bluetoothMultiMeterApp.swift; sourceTree = "<group>"; };
		54F3AE8928091E6D00602134 /* Assets.xcassets */ = {isa = PBXFileReference; lastKnownFileType = folder.assetcatalog; path = Assets.xcassets; sourceTree = "<group>"; };
		54F3AE8C28091E6D00602134 /* Preview Assets.xcassets */ = {isa = PBXFileReference; lastKnownFileType = folder.assetcatalog; path = "Preview Assets.xcassets"; sourceTree = "<group>"; };
		54F3AEA328091F4B00602134 /* LineChartElement.swift */ = {isa = PBXFileReference; fileEncoding = 4; lastKnownFileType = sourcecode.swift; path = LineChartElement.swift; sourceTree = "<group>"; };
		54F6552F2817C8A600554B11 /* Peripheral.swift */ = {isa = PBXFileReference; lastKnownFileType = sourcecode.swift; path = Peripheral.swift; sourceTree = "<group>"; };
		54F655332817EBEE00554B11 /* ConnectedPeripheralView.swift */ = {isa = PBXFileReference; lastKnownFileType = sourcecode.swift; path = ConnectedPeripheralView.swift; sourceTree = "<group>"; };
		54F6553928193B4100554B11 /* Charts.xcodeproj */ = {isa = PBXFileReference; lastKnownFileType = "wrapper.pb-project"; name = Charts.xcodeproj; path = "../Charts-master/Charts.xcodeproj"; sourceTree = "<group>"; };
/* End PBXFileReference section */

/* Begin PBXFrameworksBuildPhase section */
		54F3AE7F28091E6B00602134 /* Frameworks */ = {
			isa = PBXFrameworksBuildPhase;
			buildActionMask = 2147483647;
			files = (
				541A7D9D280E8A0C0048F3D1 /* CoreBluetooth.framework in Frameworks */,
				54F6554228193B6000554B11 /* Charts.framework in Frameworks */,
			);
			runOnlyForDeploymentPostprocessing = 0;
		};
/* End PBXFrameworksBuildPhase section */

/* Begin PBXGroup section */
		541A7DA3280F011D0048F3D1 /* Views */ = {
			isa = PBXGroup;
			children = (
				5433FBBD2814FA9E00A7B541 /* DataViews */,
				5433FBBC2814FA8B00A7B541 /* ConnectionViews */,
				5433FBBB2814FA7900A7B541 /* LiveViews */,
				54ABF590280F4C43004A0219 /* Elements */,
				54ABF58C280F46E8004A0219 /* NavigationView.swift */,
				54CFB2B72829B203009BB3B2 /* MyButtonStyle.swift */,
			);
			path = Views;
			sourceTree = "<group>";
		};
		5433FBBB2814FA7900A7B541 /* LiveViews */ = {
			isa = PBXGroup;
			children = (
				54CFB2BA2829D896009BB3B2 /* New Group */,
				54F3AEA328091F4B00602134 /* LineChartElement.swift */,
				5433FBB72814014E00A7B541 /* DetailCellView.swift */,
				5467E702281B383C001F888F /* DigitalView.swift */,
				54F13EDF2821C81D00C26752 /* LiveDataView.swift */,
				54F13EE62822649A00C26752 /* LiveViewRow.swift */,
				54CFB2BF282A1254009BB3B2 /* LiveDataViewSupport.swift */,
			);
			path = LiveViews;
			sourceTree = "<group>";
		};
		5433FBBC2814FA8B00A7B541 /* ConnectionViews */ = {
			isa = PBXGroup;
			children = (
				546A8C222811AC4100DAEE2C /* ScannerView.swift */,
				5433FBCB28152F4700A7B541 /* PeripheralRow.swift */,
				5433FBCD28153AC900A7B541 /* RSSIAntena.swift */,
				54F655332817EBEE00554B11 /* ConnectedPeripheralView.swift */,
			);
			path = ConnectionViews;
			sourceTree = "<group>";
		};
		5433FBBD2814FA9E00A7B541 /* DataViews */ = {
			isa = PBXGroup;
			children = (
				5433FBBE2814FDA600A7B541 /* DataView.swift */,
			);
			path = DataViews;
			sourceTree = "<group>";
		};
		546A8C1F2811AC2200DAEE2C /* Models */ = {
			isa = PBXGroup;
			children = (
				5433FBD128167AF000A7B541 /* RssiStrength.swift */,
				54F6552F2817C8A600554B11 /* Peripheral.swift */,
				5467E6FE281B1E1F001F888F /* PeripheralState.swift */,
				54F13EE82822C6A800C26752 /* PeripheralModes.swift */,
				54CFB2B3282765A9009BB3B2 /* RecordingState.swift */,
				54CFB2B528285B98009BB3B2 /* ActivityViewController.swift */,
			);
			path = Models;
			sourceTree = "<group>";
		};
		546A8C242811ED7A00DAEE2C /* Packages */ = {
			isa = PBXGroup;
			children = (
				54F6553928193B4100554B11 /* Charts.xcodeproj */,
			);
			name = Packages;
			sourceTree = "<group>";
		};
		54ABF590280F4C43004A0219 /* Elements */ = {
			isa = PBXGroup;
			children = (
				5433FBB92814BF3300A7B541 /* TestView.swift */,
			);
			path = Elements;
			sourceTree = "<group>";
		};
		54CFB2BA2829D896009BB3B2 /* New Group */ = {
			isa = PBXGroup;
			children = (
				54CFB2C1282A14E8009BB3B2 /* SnapshotExtention.swift */,
			);
			path = "New Group";
			sourceTree = "<group>";
		};
		54F3AE7928091E6B00602134 = {
			isa = PBXGroup;
			children = (
				546A8C242811ED7A00DAEE2C /* Packages */,
				54F3AE8428091E6B00602134 /* bluetoothMultiMeter */,
				54F3AE8328091E6B00602134 /* Products */,
				54F3AE9C28091EFA00602134 /* Frameworks */,
			);
			sourceTree = "<group>";
		};
		54F3AE8328091E6B00602134 /* Products */ = {
			isa = PBXGroup;
			children = (
				54F3AE8228091E6B00602134 /* bluetoothMultiMeter.app */,
			);
			name = Products;
			sourceTree = "<group>";
		};
		54F3AE8428091E6B00602134 /* bluetoothMultiMeter */ = {
			isa = PBXGroup;
			children = (
				54F3AEA028091F3800602134 /* DataSource */,
				546A8C1F2811AC2200DAEE2C /* Models */,
				541A7DA3280F011D0048F3D1 /* Views */,
				54F3AE8528091E6B00602134 /* bluetoothMultiMeterApp.swift */,
				54F3AE8928091E6D00602134 /* Assets.xcassets */,
				54F3AE8B28091E6D00602134 /* Preview Content */,
			);
			path = bluetoothMultiMeter;
			sourceTree = "<group>";
		};
		54F3AE8B28091E6D00602134 /* Preview Content */ = {
			isa = PBXGroup;
			children = (
				54F3AE8C28091E6D00602134 /* Preview Assets.xcassets */,
			);
			path = "Preview Content";
			sourceTree = "<group>";
		};
		54F3AE9C28091EFA00602134 /* Frameworks */ = {
			isa = PBXGroup;
			children = (
				541A7D9C280E8A0C0048F3D1 /* CoreBluetooth.framework */,
			);
			name = Frameworks;
			sourceTree = "<group>";
		};
		54F3AEA028091F3800602134 /* DataSource */ = {
			isa = PBXGroup;
			children = (
				541A7DA1280F00680048F3D1 /* Constants.swift */,
				546A8C1B2811ABE000DAEE2C /* BluetoothManager.swift */,
				541A7D93280D3EA80048F3D1 /* DataSource.swift */,
				542191752825F9C100A7895D /* MyQueue.swift */,
			);
			path = DataSource;
			sourceTree = "<group>";
		};
		54F6553A28193B4100554B11 /* Products */ = {
			isa = PBXGroup;
			children = (
				54F6553F28193B4200554B11 /* Charts.framework */,
				54F6554128193B4200554B11 /* ChartsTests.xctest */,
			);
			name = Products;
			sourceTree = "<group>";
		};
/* End PBXGroup section */

/* Begin PBXNativeTarget section */
		54F3AE8128091E6B00602134 /* bluetoothMultiMeter */ = {
			isa = PBXNativeTarget;
			buildConfigurationList = 54F3AE9028091E6D00602134 /* Build configuration list for PBXNativeTarget "bluetoothMultiMeter" */;
			buildPhases = (
				54F3AE7E28091E6B00602134 /* Sources */,
				54F3AE7F28091E6B00602134 /* Frameworks */,
				54F3AE8028091E6B00602134 /* Resources */,
				54F6554428193B6000554B11 /* Embed Frameworks */,
			);
			buildRules = (
			);
			dependencies = (
			);
			name = bluetoothMultiMeter;
			packageProductDependencies = (
			);
			productName = bluetoothMultiMeter;
			productReference = 54F3AE8228091E6B00602134 /* bluetoothMultiMeter.app */;
			productType = "com.apple.product-type.application";
		};
/* End PBXNativeTarget section */

/* Begin PBXProject section */
		54F3AE7A28091E6B00602134 /* Project object */ = {
			isa = PBXProject;
			attributes = {
				BuildIndependentTargetsInParallel = 1;
				LastSwiftUpdateCheck = 1330;
				LastUpgradeCheck = 1330;
				TargetAttributes = {
					54F3AE8128091E6B00602134 = {
						CreatedOnToolsVersion = 13.3.1;
					};
				};
			};
			buildConfigurationList = 54F3AE7D28091E6B00602134 /* Build configuration list for PBXProject "bluetoothMultiMeter" */;
			compatibilityVersion = "Xcode 13.0";
			developmentRegion = en;
			hasScannedForEncodings = 0;
			knownRegions = (
				en,
				Base,
			);
			mainGroup = 54F3AE7928091E6B00602134;
			productRefGroup = 54F3AE8328091E6B00602134 /* Products */;
			projectDirPath = "";
			projectReferences = (
				{
					ProductGroup = 54F6553A28193B4100554B11 /* Products */;
					ProjectRef = 54F6553928193B4100554B11 /* Charts.xcodeproj */;
				},
			);
			projectRoot = "";
			targets = (
				54F3AE8128091E6B00602134 /* bluetoothMultiMeter */,
			);
		};
/* End PBXProject section */

/* Begin PBXReferenceProxy section */
		54F6553F28193B4200554B11 /* Charts.framework */ = {
			isa = PBXReferenceProxy;
			fileType = wrapper.framework;
			path = Charts.framework;
			remoteRef = 54F6553E28193B4200554B11 /* PBXContainerItemProxy */;
			sourceTree = BUILT_PRODUCTS_DIR;
		};
		54F6554128193B4200554B11 /* ChartsTests.xctest */ = {
			isa = PBXReferenceProxy;
			fileType = wrapper.cfbundle;
			path = ChartsTests.xctest;
			remoteRef = 54F6554028193B4200554B11 /* PBXContainerItemProxy */;
			sourceTree = BUILT_PRODUCTS_DIR;
		};
/* End PBXReferenceProxy section */

/* Begin PBXResourcesBuildPhase section */
		54F3AE8028091E6B00602134 /* Resources */ = {
			isa = PBXResourcesBuildPhase;
			buildActionMask = 2147483647;
			files = (
				54F3AE8D28091E6D00602134 /* Preview Assets.xcassets in Resources */,
				54F3AE8A28091E6D00602134 /* Assets.xcassets in Resources */,
			);
			runOnlyForDeploymentPostprocessing = 0;
		};
/* End PBXResourcesBuildPhase section */

/* Begin PBXSourcesBuildPhase section */
		54F3AE7E28091E6B00602134 /* Sources */ = {
			isa = PBXSourcesBuildPhase;
			buildActionMask = 2147483647;
			files = (
				54CFB2C0282A1254009BB3B2 /* LiveDataViewSupport.swift in Sources */,
				5433FBBA2814BF3300A7B541 /* TestView.swift in Sources */,
				54ABF58D280F46E8004A0219 /* NavigationView.swift in Sources */,
				5433FBCE28153AC900A7B541 /* RSSIAntena.swift in Sources */,
				5433FBB82814014E00A7B541 /* DetailCellView.swift in Sources */,
				54F13EE92822C6A800C26752 /* PeripheralModes.swift in Sources */,
				5467E6FF281B1E1F001F888F /* PeripheralState.swift in Sources */,
				541A7D94280D3EA80048F3D1 /* DataSource.swift in Sources */,
				54CFB2B628285B98009BB3B2 /* ActivityViewController.swift in Sources */,
				54F655302817C8A600554B11 /* Peripheral.swift in Sources */,
				54F3AE8628091E6B00602134 /* bluetoothMultiMeterApp.swift in Sources */,
				5433FBCC28152F4700A7B541 /* PeripheralRow.swift in Sources */,
				54CFB2B82829B203009BB3B2 /* MyButtonStyle.swift in Sources */,
				54F3AEA428091F4B00602134 /* LineChartElement.swift in Sources */,
				54F13EE72822649A00C26752 /* LiveViewRow.swift in Sources */,
				5433FBBF2814FDA600A7B541 /* DataView.swift in Sources */,
				541A7DA2280F00680048F3D1 /* Constants.swift in Sources */,
				5433FBD228167AF000A7B541 /* RssiStrength.swift in Sources */,
				542191762825F9C100A7895D /* MyQueue.swift in Sources */,
				546A8C1E2811ABE000DAEE2C /* BluetoothManager.swift in Sources */,
				54CFB2C2282A14E8009BB3B2 /* SnapshotExtention.swift in Sources */,
				54CFB2B4282765A9009BB3B2 /* RecordingState.swift in Sources */,
				5467E703281B383C001F888F /* DigitalView.swift in Sources */,
				54F13EE02821C81D00C26752 /* LiveDataView.swift in Sources */,
				54F655342817EBEE00554B11 /* ConnectedPeripheralView.swift in Sources */,
				546A8C232811AC4100DAEE2C /* ScannerView.swift in Sources */,
			);
			runOnlyForDeploymentPostprocessing = 0;
		};
/* End PBXSourcesBuildPhase section */

/* Begin XCBuildConfiguration section */
		54F3AE8E28091E6D00602134 /* Debug */ = {
			isa = XCBuildConfiguration;
			buildSettings = {
				ALWAYS_SEARCH_USER_PATHS = NO;
				CLANG_ANALYZER_NONNULL = YES;
				CLANG_ANALYZER_NUMBER_OBJECT_CONVERSION = YES_AGGRESSIVE;
				CLANG_CXX_LANGUAGE_STANDARD = "gnu++17";
				CLANG_ENABLE_MODULES = YES;
				CLANG_ENABLE_OBJC_ARC = YES;
				CLANG_ENABLE_OBJC_WEAK = YES;
				CLANG_WARN_BLOCK_CAPTURE_AUTORELEASING = YES;
				CLANG_WARN_BOOL_CONVERSION = YES;
				CLANG_WARN_COMMA = YES;
				CLANG_WARN_CONSTANT_CONVERSION = YES;
				CLANG_WARN_DEPRECATED_OBJC_IMPLEMENTATIONS = YES;
				CLANG_WARN_DIRECT_OBJC_ISA_USAGE = YES_ERROR;
				CLANG_WARN_DOCUMENTATION_COMMENTS = YES;
				CLANG_WARN_EMPTY_BODY = YES;
				CLANG_WARN_ENUM_CONVERSION = YES;
				CLANG_WARN_INFINITE_RECURSION = YES;
				CLANG_WARN_INT_CONVERSION = YES;
				CLANG_WARN_NON_LITERAL_NULL_CONVERSION = YES;
				CLANG_WARN_OBJC_IMPLICIT_RETAIN_SELF = YES;
				CLANG_WARN_OBJC_LITERAL_CONVERSION = YES;
				CLANG_WARN_OBJC_ROOT_CLASS = YES_ERROR;
				CLANG_WARN_QUOTED_INCLUDE_IN_FRAMEWORK_HEADER = YES;
				CLANG_WARN_RANGE_LOOP_ANALYSIS = YES;
				CLANG_WARN_STRICT_PROTOTYPES = YES;
				CLANG_WARN_SUSPICIOUS_MOVE = YES;
				CLANG_WARN_UNGUARDED_AVAILABILITY = YES_AGGRESSIVE;
				CLANG_WARN_UNREACHABLE_CODE = YES;
				CLANG_WARN__DUPLICATE_METHOD_MATCH = YES;
				COPY_PHASE_STRIP = NO;
				DEBUG_INFORMATION_FORMAT = dwarf;
				ENABLE_STRICT_OBJC_MSGSEND = YES;
				ENABLE_TESTABILITY = YES;
				GCC_C_LANGUAGE_STANDARD = gnu11;
				GCC_DYNAMIC_NO_PIC = NO;
				GCC_NO_COMMON_BLOCKS = YES;
				GCC_OPTIMIZATION_LEVEL = 0;
				GCC_PREPROCESSOR_DEFINITIONS = (
					"DEBUG=1",
					"$(inherited)",
				);
				GCC_WARN_64_TO_32_BIT_CONVERSION = YES;
				GCC_WARN_ABOUT_RETURN_TYPE = YES_ERROR;
				GCC_WARN_UNDECLARED_SELECTOR = YES;
				GCC_WARN_UNINITIALIZED_AUTOS = YES_AGGRESSIVE;
				GCC_WARN_UNUSED_FUNCTION = YES;
				GCC_WARN_UNUSED_VARIABLE = YES;
				IPHONEOS_DEPLOYMENT_TARGET = 15.4;
				MTL_ENABLE_DEBUG_INFO = INCLUDE_SOURCE;
				MTL_FAST_MATH = YES;
				ONLY_ACTIVE_ARCH = YES;
				SDKROOT = iphoneos;
				SWIFT_ACTIVE_COMPILATION_CONDITIONS = DEBUG;
				SWIFT_OPTIMIZATION_LEVEL = "-Onone";
			};
			name = Debug;
		};
		54F3AE8F28091E6D00602134 /* Release */ = {
			isa = XCBuildConfiguration;
			buildSettings = {
				ALWAYS_SEARCH_USER_PATHS = NO;
				CLANG_ANALYZER_NONNULL = YES;
				CLANG_ANALYZER_NUMBER_OBJECT_CONVERSION = YES_AGGRESSIVE;
				CLANG_CXX_LANGUAGE_STANDARD = "gnu++17";
				CLANG_ENABLE_MODULES = YES;
				CLANG_ENABLE_OBJC_ARC = YES;
				CLANG_ENABLE_OBJC_WEAK = YES;
				CLANG_WARN_BLOCK_CAPTURE_AUTORELEASING = YES;
				CLANG_WARN_BOOL_CONVERSION = YES;
				CLANG_WARN_COMMA = YES;
				CLANG_WARN_CONSTANT_CONVERSION = YES;
				CLANG_WARN_DEPRECATED_OBJC_IMPLEMENTATIONS = YES;
				CLANG_WARN_DIRECT_OBJC_ISA_USAGE = YES_ERROR;
				CLANG_WARN_DOCUMENTATION_COMMENTS = YES;
				CLANG_WARN_EMPTY_BODY = YES;
				CLANG_WARN_ENUM_CONVERSION = YES;
				CLANG_WARN_INFINITE_RECURSION = YES;
				CLANG_WARN_INT_CONVERSION = YES;
				CLANG_WARN_NON_LITERAL_NULL_CONVERSION = YES;
				CLANG_WARN_OBJC_IMPLICIT_RETAIN_SELF = YES;
				CLANG_WARN_OBJC_LITERAL_CONVERSION = YES;
				CLANG_WARN_OBJC_ROOT_CLASS = YES_ERROR;
				CLANG_WARN_QUOTED_INCLUDE_IN_FRAMEWORK_HEADER = YES;
				CLANG_WARN_RANGE_LOOP_ANALYSIS = YES;
				CLANG_WARN_STRICT_PROTOTYPES = YES;
				CLANG_WARN_SUSPICIOUS_MOVE = YES;
				CLANG_WARN_UNGUARDED_AVAILABILITY = YES_AGGRESSIVE;
				CLANG_WARN_UNREACHABLE_CODE = YES;
				CLANG_WARN__DUPLICATE_METHOD_MATCH = YES;
				COPY_PHASE_STRIP = NO;
				DEBUG_INFORMATION_FORMAT = "dwarf-with-dsym";
				ENABLE_NS_ASSERTIONS = NO;
				ENABLE_STRICT_OBJC_MSGSEND = YES;
				GCC_C_LANGUAGE_STANDARD = gnu11;
				GCC_NO_COMMON_BLOCKS = YES;
				GCC_WARN_64_TO_32_BIT_CONVERSION = YES;
				GCC_WARN_ABOUT_RETURN_TYPE = YES_ERROR;
				GCC_WARN_UNDECLARED_SELECTOR = YES;
				GCC_WARN_UNINITIALIZED_AUTOS = YES_AGGRESSIVE;
				GCC_WARN_UNUSED_FUNCTION = YES;
				GCC_WARN_UNUSED_VARIABLE = YES;
				IPHONEOS_DEPLOYMENT_TARGET = 15.4;
				MTL_ENABLE_DEBUG_INFO = NO;
				MTL_FAST_MATH = YES;
				SDKROOT = iphoneos;
				SWIFT_COMPILATION_MODE = wholemodule;
				SWIFT_OPTIMIZATION_LEVEL = "-O";
				VALIDATE_PRODUCT = YES;
			};
			name = Release;
		};
		54F3AE9128091E6D00602134 /* Debug */ = {
			isa = XCBuildConfiguration;
			buildSettings = {
				ASSETCATALOG_COMPILER_APPICON_NAME = AppIcon;
				ASSETCATALOG_COMPILER_GLOBAL_ACCENT_COLOR_NAME = AccentColor;
				CODE_SIGN_STYLE = Automatic;
				CURRENT_PROJECT_VERSION = 1;
				DEVELOPMENT_ASSET_PATHS = "\"bluetoothMultiMeter/Preview Content\"";
				DEVELOPMENT_TEAM = DG9XQWC8LH;
				ENABLE_PREVIEWS = YES;
				GENERATE_INFOPLIST_FILE = YES;
				INFOPLIST_FILE = bluetoothMultiMeter/Info.plist;
				INFOPLIST_KEY_CFBundleDisplayName = "Bluetooth Multimeter";
				INFOPLIST_KEY_LSApplicationCategoryType = "";
				INFOPLIST_KEY_NSBluetoothAlwaysUsageDescription = "Required to connect to Bluetooth Deveices";
				INFOPLIST_KEY_NSBluetoothPeripheralUsageDescription = "Required to connect to Bluetooth Deveices";
				INFOPLIST_KEY_NSHumanReadableCopyright = "No Copyrightnow. Have fun.";
				INFOPLIST_KEY_NSPhotoLibraryAddUsageDescription = "Required to save Chart Image to Photo Library";
				INFOPLIST_KEY_UIApplicationSupportsIndirectInputEvents = YES;
				INFOPLIST_KEY_UILaunchScreen_Generation = YES;
				INFOPLIST_KEY_UISupportedInterfaceOrientations_iPad = "UIInterfaceOrientationPortrait UIInterfaceOrientationPortraitUpsideDown UIInterfaceOrientationLandscapeLeft UIInterfaceOrientationLandscapeRight";
				INFOPLIST_KEY_UISupportedInterfaceOrientations_iPhone = "UIInterfaceOrientationPortrait UIInterfaceOrientationLandscapeLeft UIInterfaceOrientationLandscapeRight";
				LD_RUNPATH_SEARCH_PATHS = (
					"$(inherited)",
					"@executable_path/Frameworks",
				);
				MARKETING_VERSION = 1.0;
				PRODUCT_BUNDLE_IDENTIFIER = com.tareq.bluetoothMultiMeter;
				PRODUCT_NAME = "$(TARGET_NAME)";
				SWIFT_EMIT_LOC_STRINGS = YES;
				SWIFT_VERSION = 5.0;
				TARGETED_DEVICE_FAMILY = "1,2";
			};
			name = Debug;
		};
		54F3AE9228091E6D00602134 /* Release */ = {
			isa = XCBuildConfiguration;
			buildSettings = {
				ASSETCATALOG_COMPILER_APPICON_NAME = AppIcon;
				ASSETCATALOG_COMPILER_GLOBAL_ACCENT_COLOR_NAME = AccentColor;
				CODE_SIGN_STYLE = Automatic;
				CURRENT_PROJECT_VERSION = 1;
				DEVELOPMENT_ASSET_PATHS = "\"bluetoothMultiMeter/Preview Content\"";
				DEVELOPMENT_TEAM = DG9XQWC8LH;
				ENABLE_PREVIEWS = YES;
				GENERATE_INFOPLIST_FILE = YES;
				INFOPLIST_FILE = bluetoothMultiMeter/Info.plist;
				INFOPLIST_KEY_CFBundleDisplayName = "Bluetooth Multimeter";
				INFOPLIST_KEY_LSApplicationCategoryType = "";
				INFOPLIST_KEY_NSBluetoothAlwaysUsageDescription = "Required to connect to Bluetooth Deveices";
				INFOPLIST_KEY_NSBluetoothPeripheralUsageDescription = "Required to connect to Bluetooth Deveices";
				INFOPLIST_KEY_NSHumanReadableCopyright = "No Copyrightnow. Have fun.";
				INFOPLIST_KEY_NSPhotoLibraryAddUsageDescription = "Required to save Chart Image to Photo Library";
				INFOPLIST_KEY_UIApplicationSupportsIndirectInputEvents = YES;
				INFOPLIST_KEY_UILaunchScreen_Generation = YES;
				INFOPLIST_KEY_UISupportedInterfaceOrientations_iPad = "UIInterfaceOrientationPortrait UIInterfaceOrientationPortraitUpsideDown UIInterfaceOrientationLandscapeLeft UIInterfaceOrientationLandscapeRight";
				INFOPLIST_KEY_UISupportedInterfaceOrientations_iPhone = "UIInterfaceOrientationPortrait UIInterfaceOrientationLandscapeLeft UIInterfaceOrientationLandscapeRight";
				LD_RUNPATH_SEARCH_PATHS = (
					"$(inherited)",
					"@executable_path/Frameworks",
				);
				MARKETING_VERSION = 1.0;
				PRODUCT_BUNDLE_IDENTIFIER = com.tareq.bluetoothMultiMeter;
				PRODUCT_NAME = "$(TARGET_NAME)";
				SWIFT_EMIT_LOC_STRINGS = YES;
				SWIFT_VERSION = 5.0;
				TARGETED_DEVICE_FAMILY = "1,2";
			};
			name = Release;
		};
/* End XCBuildConfiguration section */

/* Begin XCConfigurationList section */
		54F3AE7D28091E6B00602134 /* Build configuration list for PBXProject "bluetoothMultiMeter" */ = {
			isa = XCConfigurationList;
			buildConfigurations = (
				54F3AE8E28091E6D00602134 /* Debug */,
				54F3AE8F28091E6D00602134 /* Release */,
			);
			defaultConfigurationIsVisible = 0;
			defaultConfigurationName = Release;
		};
		54F3AE9028091E6D00602134 /* Build configuration list for PBXNativeTarget "bluetoothMultiMeter" */ = {
			isa = XCConfigurationList;
			buildConfigurations = (
				54F3AE9128091E6D00602134 /* Debug */,
				54F3AE9228091E6D00602134 /* Release */,
			);
			defaultConfigurationIsVisible = 0;
			defaultConfigurationName = Release;
		};
/* End XCConfigurationList section */
	};
	rootObject = 54F3AE7A28091E6B00602134 /* Project object */;
}
